<?xml version="1.0" encoding="UTF-8" standalone="yes" ?>
<CodeBlocks_project_file>
	<FileVersion major="1" minor="6" />
	<Project>
		<Option title="UDJAT CivetWeb Module" />
		<Option makefile_is_custom="1" />
		<Option pch_mode="2" />
		<Option compiler="gcc" />
		<Build>
			<Target title="Debug">
				<Option output=".bin/Debug/civetweb" prefix_auto="1" extension_auto="1" />
				<Option object_output=".obj/Debug/" />
				<Option type="1" />
				<Option compiler="gcc" />
				<Compiler>
					<Add option="-g" />
					<Add option="-DDEBUG=1" />
				</Compiler>
			</Target>
			<Target title="Release">
				<Option output=".bin/Release/UDJAT CivetWeb Module" prefix_auto="1" extension_auto="1" />
				<Option object_output=".obj/Release/" />
				<Option type="1" />
				<Option compiler="gcc" />
				<Compiler>
					<Add option="-O2" />
					<Add option="-DNDEBUG=1" />
				</Compiler>
				<Linker>
					<Add option="-s" />
				</Linker>
			</Target>
		</Build>
		<Compiler>
			<Add option="-Wall" />
			<Add option="-std=gnu++11" />
			<Add option="`pkg-config --cflags jsoncpp`" />
			<Add directory="src/include" />
		</Compiler>
		<Linker>
			<Add option="`pkg-config --libs jsoncpp`" />
			<Add library="udjat" />
			<Add library="civetweb" />
		</Linker>
		<Unit filename="conf/50-civetweb.conf" />
		<Unit filename="src/include/config.h" />
		<Unit filename="src/include/private/authtoken.h" />
		<Unit filename="src/include/private/connection.h" />
		<Unit filename="src/include/private/module.h" />
		<Unit filename="src/include/private/request.h" />
		<Unit filename="src/include/udjat/civetweb.h" />
		<Unit filename="src/include/udjat/tools/http/connection.h" />
		<Unit filename="src/include/udjat/tools/http/handler.h" />
		<Unit filename="src/include/udjat/tools/http/icon.h" />
		<Unit filename="src/include/udjat/tools/http/image.h" />
		<Unit filename="src/include/udjat/tools/http/keypair.h" />
		<Unit filename="src/include/udjat/tools/http/layouts.h" />
		<Unit filename="src/include/udjat/tools/http/oauth.h" />
		<Unit filename="src/include/udjat/tools/http/report.h" />
		<Unit filename="src/include/udjat/tools/http/request.h" />
		<Unit filename="src/include/udjat/tools/http/response.h" />
		<Unit filename="src/include/udjat/tools/http/server.h" />
		<Unit filename="src/include/udjat/tools/http/value.h" />
		<Unit filename="src/library/connection.cc" />
		<Unit filename="src/library/exec.cc" />
		<Unit filename="src/library/handler.cc" />
		<Unit filename="src/library/icon.cc" />
		<Unit filename="src/library/index.cc" />
		<Unit filename="src/library/keypair.cc" />
		<Unit filename="src/library/layout/csv.cc" />
		<Unit filename="src/library/layout/html.cc" />
		<Unit filename="src/library/layout/json.cc" />
		<Unit filename="src/library/layout/xml.cc" />
		<Unit filename="src/library/layout/yaml.cc" />
		<Unit filename="src/library/oauth2/authorize.cc" />
		<Unit filename="src/library/oauth2/client.cc" />
		<Unit filename="src/library/oauth2/user.cc" />
		<Unit filename="src/library/os/linux/icon.cc" />
		<Unit filename="src/library/os/linux/image.cc" />
		<Unit filename="src/library/os/windows/icon.cc" />
		<Unit filename="src/library/os/windows/image.cc" />
		<Unit filename="src/library/report.cc" />
		<Unit filename="src/library/request.cc" />
		<Unit filename="src/library/response.cc" />
		<Unit filename="src/library/server.cc" />
		<Unit filename="src/library/value.cc" />
		<Unit filename="src/module/api.cc" />
		<Unit filename="src/module/connection.cc" />
		<Unit filename="src/module/custom.cc" />
		<Unit filename="src/module/error_page.cc" />
		<Unit filename="src/module/handler.cc" />
		<Unit filename="src/module/handlers/favicon.cc" />
		<Unit filename="src/module/handlers/icons.cc" />
		<Unit filename="src/module/handlers/images.cc" />
		<Unit filename="src/module/handlers/oauth.cc" />
		<Unit filename="src/module/handlers/pubkey.cc" />
		<Unit filename="src/module/handlers/report.cc" />
		<Unit filename="src/module/handlers/root.cc" />
		<Unit filename="src/module/handlers/swagger.cc" />
		<Unit filename="src/module/init.cc" />
		<Unit filename="src/module/oauth2/handler.cc" />
		<Unit filename="src/module/private.h" />
		<Unit filename="src/module/protocol.cc" />
		<Unit filename="src/module/request.cc" />
		<Unit filename="src/module/send.cc" />
		<Unit filename="src/module/worker/get.cc" />
		<Unit filename="src/module/worker/test.cc" />
		<Unit filename="src/module/worker/worker.cc" />
		<Unit filename="src/testprogram/testprogram.cc" />
		<Extensions>
			<lib_finder disable_auto="1" />
		</Extensions>
	</Project>
</CodeBlocks_project_file>
